
Microsoft Visual Studio Solution File, Format Version 12.00
# Visual Studio Version 17
VisualStudioVersion = 17.3.32901.215
MinimumVisualStudioVersion = 10.0.40219.1
Project("{FAE04EC0-301F-11D3-BF4B-00C04F79EFBC}") = "uygulama10", "uygulama10\uygulama10.csproj", "{2D32D530-F367-43B3-BAE4-5C09F4B34197}"
EndProject
Global
	GlobalSection(SolutionConfigurationPlatforms) = preSolution
		Debug|Any CPU = Debug|Any CPU
		Release|Any CPU = Release|Any CPU
	EndGlobalSection
	GlobalSection(ProjectConfigurationPlatforms) = postSolution
		{2D32D530-F367-43B3-BAE4-5C09F4B34197}.Debug|Any CPU.ActiveCfg = Debug|Any CPU
		{2D32D530-F367-43B3-BAE4-5C09F4B34197}.Debug|Any CPU.Build.0 = Debug|Any CPU
		{2D32D530-F367-43B3-BAE4-5C09F4B34197}.Release|Any CPU.ActiveCfg = Release|Any CPU
		{2D32D530-F367-43B3-BAE4-5C09F4B34197}.Release|Any CPU.Build.0 = Release|Any CPU
	EndGlobalSection
	GlobalSection(SolutionProperties) = preSolution
		HideSolutionNode = FALSE
	EndGlobalSection
	GlobalSection(ExtensibilityGlobals) = postSolution
		SolutionGuid = {E5285039-37B8-42D5-BF4B-1237791AADF4}
	EndGlobalSection
EndGlobal
